
Microsoft Visual Studio Solution File, Format Version 11.00
# Visual Studio 2010
Project("{FAE04EC0-301F-11D3-BF4B-00C04F79EFBC}") = "Safire 2.0", "Safire 2.0.csproj", "{3C7145E7-F8CC-4D9F-B3E9-9015E56BB016}"
EndProject
Global
	GlobalSection(SolutionConfigurationPlatforms) = preSolution
		Debug|Any CPU = Debug|Any CPU
		Release|Any CPU = Release|Any CPU
	EndGlobalSection
	GlobalSection(ProjectConfigurationPlatforms) = postSolution
		{3C7145E7-F8CC-4D9F-B3E9-9015E56BB016}.Debug|Any CPU.ActiveCfg = Debug|Any CPU
		{3C7145E7-F8CC-4D9F-B3E9-9015E56BB016}.Debug|Any CPU.Build.0 = Debug|Any CPU
		{3C7145E7-F8CC-4D9F-B3E9-9015E56BB016}.Release|Any CPU.ActiveCfg = Release|Any CPU
		{3C7145E7-F8CC-4D9F-B3E9-9015E56BB016}.Release|Any CPU.Build.0 = Release|Any CPU
	EndGlobalSection
	GlobalSection(SolutionProperties) = preSolution
		HideSolutionNode = FALSE
	EndGlobalSection
EndGlobal
